
Microsoft Visual Studio Solution File, Format Version 12.00
# Visual Studio Version 17
VisualStudioVersion = 17.3.32804.467
MinimumVisualStudioVersion = 10.0.40219.1
Project("{2150E333-8FDC-42A3-9474-1A3956D46DE8}") = "backend", "backend", "{622DA12D-AEE1-4C39-A565-DC3077E8008C}"
EndProject
Project("{2150E333-8FDC-42A3-9474-1A3956D46DE8}") = "src", "src", "{2BAFC082-1420-4A3F-9D07-09623FD8E52C}"
EndProject
Project("{2150E333-8FDC-42A3-9474-1A3956D46DE8}") = "tests", "tests", "{A58F6097-F48B-4658-A395-F6E86F4BE319}"
EndProject
Project("{9A19103F-16F7-4668-BE54-9A1E7A4F7556}") = "Dominio", "..\..\Proyecto Controlbox\Dominio\Dominio.csproj", "{D1AC9761-8FB2-4957-8954-47237F022CBE}"
EndProject
Project("{9A19103F-16F7-4668-BE54-9A1E7A4F7556}") = "Aplicacion", "..\..\Proyecto Controlbox\Aplicacion\Aplicacion.csproj", "{00F6CFB5-7B34-41DF-A49D-48DDB428AFCF}"
EndProject
Project("{9A19103F-16F7-4668-BE54-9A1E7A4F7556}") = "AdaptadorAPI", "..\..\Proyecto Controlbox\AdaptadorAPI\AdaptadorAPI.csproj", "{97DBDC10-B293-4C1A-AFA3-F42C9F697B0E}"
EndProject
Project("{9A19103F-16F7-4668-BE54-9A1E7A4F7556}") = "AdaptadorPostgreSQL", "..\..\Proyecto Controlbox\AdaptadorPostgreSQL\AdaptadorPostgreSQL.csproj", "{8DA633CA-9DC4-42CD-97B9-B7B01485FC6F}"
EndProject
Project("{9A19103F-16F7-4668-BE54-9A1E7A4F7556}") = "DominioTest", "..\..\Proyecto Controlbox\DominioTest\DominioTest.csproj", "{E1D6D261-E4C9-41AA-B9DE-390B1E46A807}"
EndProject
Project("{9A19103F-16F7-4668-BE54-9A1E7A4F7556}") = "AplicacionTest", "..\..\Proyecto Controlbox\AplicacionTest\AplicacionTest.csproj", "{9DAEB907-F7D5-4E5E-A0AE-1B333D91F61C}"
EndProject
Project("{9A19103F-16F7-4668-BE54-9A1E7A4F7556}") = "AdaptadorApiTest", "..\..\Proyecto Controlbox\AdaptadorApiTest\AdaptadorApiTest.csproj", "{B0DA4173-9394-4E2D-BAF2-D4743BF68F95}"
EndProject
Project("{2150E333-8FDC-42A3-9474-1A3956D46DE8}") = "UnitTest", "UnitTest", "{EBD47C58-914C-4E0A-8974-6A48A586B357}"
EndProject
Project("{2150E333-8FDC-42A3-9474-1A3956D46DE8}") = "IntegrationTest", "IntegrationTest", "{B310531F-2321-4871-8898-3B86170BBBEC}"
EndProject
Global
	GlobalSection(SolutionConfigurationPlatforms) = preSolution
		Debug|Any CPU = Debug|Any CPU
		Release|Any CPU = Release|Any CPU
	EndGlobalSection
	GlobalSection(ProjectConfigurationPlatforms) = postSolution
		{D1AC9761-8FB2-4957-8954-47237F022CBE}.Debug|Any CPU.ActiveCfg = Debug|Any CPU
		{D1AC9761-8FB2-4957-8954-47237F022CBE}.Debug|Any CPU.Build.0 = Debug|Any CPU
		{D1AC9761-8FB2-4957-8954-47237F022CBE}.Release|Any CPU.ActiveCfg = Release|Any CPU
		{D1AC9761-8FB2-4957-8954-47237F022CBE}.Release|Any CPU.Build.0 = Release|Any CPU
		{00F6CFB5-7B34-41DF-A49D-48DDB428AFCF}.Debug|Any CPU.ActiveCfg = Debug|Any CPU
		{00F6CFB5-7B34-41DF-A49D-48DDB428AFCF}.Debug|Any CPU.Build.0 = Debug|Any CPU
		{00F6CFB5-7B34-41DF-A49D-48DDB428AFCF}.Release|Any CPU.ActiveCfg = Release|Any CPU
		{00F6CFB5-7B34-41DF-A49D-48DDB428AFCF}.Release|Any CPU.Build.0 = Release|Any CPU
		{97DBDC10-B293-4C1A-AFA3-F42C9F697B0E}.Debug|Any CPU.ActiveCfg = Debug|Any CPU
		{97DBDC10-B293-4C1A-AFA3-F42C9F697B0E}.Debug|Any CPU.Build.0 = Debug|Any CPU
		{97DBDC10-B293-4C1A-AFA3-F42C9F697B0E}.Release|Any CPU.ActiveCfg = Release|Any CPU
		{97DBDC10-B293-4C1A-AFA3-F42C9F697B0E}.Release|Any CPU.Build.0 = Release|Any CPU
		{8DA633CA-9DC4-42CD-97B9-B7B01485FC6F}.Debug|Any CPU.ActiveCfg = Debug|Any CPU
		{8DA633CA-9DC4-42CD-97B9-B7B01485FC6F}.Debug|Any CPU.Build.0 = Debug|Any CPU
		{8DA633CA-9DC4-42CD-97B9-B7B01485FC6F}.Release|Any CPU.ActiveCfg = Release|Any CPU
		{8DA633CA-9DC4-42CD-97B9-B7B01485FC6F}.Release|Any CPU.Build.0 = Release|Any CPU
		{E1D6D261-E4C9-41AA-B9DE-390B1E46A807}.Debug|Any CPU.ActiveCfg = Debug|Any CPU
		{E1D6D261-E4C9-41AA-B9DE-390B1E46A807}.Debug|Any CPU.Build.0 = Debug|Any CPU
		{E1D6D261-E4C9-41AA-B9DE-390B1E46A807}.Release|Any CPU.ActiveCfg = Release|Any CPU
		{E1D6D261-E4C9-41AA-B9DE-390B1E46A807}.Release|Any CPU.Build.0 = Release|Any CPU
		{9DAEB907-F7D5-4E5E-A0AE-1B333D91F61C}.Debug|Any CPU.ActiveCfg = Debug|Any CPU
		{9DAEB907-F7D5-4E5E-A0AE-1B333D91F61C}.Debug|Any CPU.Build.0 = Debug|Any CPU
		{9DAEB907-F7D5-4E5E-A0AE-1B333D91F61C}.Release|Any CPU.ActiveCfg = Release|Any CPU
		{9DAEB907-F7D5-4E5E-A0AE-1B333D91F61C}.Release|Any CPU.Build.0 = Release|Any CPU
		{B0DA4173-9394-4E2D-BAF2-D4743BF68F95}.Debug|Any CPU.ActiveCfg = Debug|Any CPU
		{B0DA4173-9394-4E2D-BAF2-D4743BF68F95}.Debug|Any CPU.Build.0 = Debug|Any CPU
		{B0DA4173-9394-4E2D-BAF2-D4743BF68F95}.Release|Any CPU.ActiveCfg = Release|Any CPU
		{B0DA4173-9394-4E2D-BAF2-D4743BF68F95}.Release|Any CPU.Build.0 = Release|Any CPU
	EndGlobalSection
	GlobalSection(SolutionProperties) = preSolution
		HideSolutionNode = FALSE
	EndGlobalSection
	GlobalSection(NestedProjects) = preSolution
		{2BAFC082-1420-4A3F-9D07-09623FD8E52C} = {622DA12D-AEE1-4C39-A565-DC3077E8008C}
		{A58F6097-F48B-4658-A395-F6E86F4BE319} = {622DA12D-AEE1-4C39-A565-DC3077E8008C}
		{D1AC9761-8FB2-4957-8954-47237F022CBE} = {2BAFC082-1420-4A3F-9D07-09623FD8E52C}
		{00F6CFB5-7B34-41DF-A49D-48DDB428AFCF} = {2BAFC082-1420-4A3F-9D07-09623FD8E52C}
		{97DBDC10-B293-4C1A-AFA3-F42C9F697B0E} = {2BAFC082-1420-4A3F-9D07-09623FD8E52C}
		{8DA633CA-9DC4-42CD-97B9-B7B01485FC6F} = {2BAFC082-1420-4A3F-9D07-09623FD8E52C}
		{E1D6D261-E4C9-41AA-B9DE-390B1E46A807} = {EBD47C58-914C-4E0A-8974-6A48A586B357}
		{9DAEB907-F7D5-4E5E-A0AE-1B333D91F61C} = {EBD47C58-914C-4E0A-8974-6A48A586B357}
		{B0DA4173-9394-4E2D-BAF2-D4743BF68F95} = {B310531F-2321-4871-8898-3B86170BBBEC}
		{EBD47C58-914C-4E0A-8974-6A48A586B357} = {A58F6097-F48B-4658-A395-F6E86F4BE319}
		{B310531F-2321-4871-8898-3B86170BBBEC} = {A58F6097-F48B-4658-A395-F6E86F4BE319}
	EndGlobalSection
	GlobalSection(ExtensibilityGlobals) = postSolution
		SolutionGuid = {8778F941-ECB7-4163-BAC7-C148DED00443}
	EndGlobalSection
EndGlobal
